
Microsoft Visual Studio Solution File, Format Version 12.00
# Visual Studio 2013
VisualStudioVersion = 12.0.40629.0
MinimumVisualStudioVersion = 10.0.40219.1
Project("{FAE04EC0-301F-11D3-BF4B-00C04F79EFBC}") = "CoboldsGui", "CoboldsGui\CoboldsGui.csproj", "{72B3ED94-897F-4B6B-8078-D5AAE82873EB}"
EndProject
Global
	GlobalSection(SolutionConfigurationPlatforms) = preSolution
		Debug|Any CPU = Debug|Any CPU
		Release|Any CPU = Release|Any CPU
	EndGlobalSection
	GlobalSection(ProjectConfigurationPlatforms) = postSolution
		{72B3ED94-897F-4B6B-8078-D5AAE82873EB}.Debug|Any CPU.ActiveCfg = Debug|Any CPU
		{72B3ED94-897F-4B6B-8078-D5AAE82873EB}.Debug|Any CPU.Build.0 = Debug|Any CPU
		{72B3ED94-897F-4B6B-8078-D5AAE82873EB}.Release|Any CPU.ActiveCfg = Release|Any CPU
		{72B3ED94-897F-4B6B-8078-D5AAE82873EB}.Release|Any CPU.Build.0 = Release|Any CPU
	EndGlobalSection
	GlobalSection(SolutionProperties) = preSolution
		HideSolutionNode = FALSE
	EndGlobalSection
EndGlobal
