
Microsoft Visual Studio Solution File, Format Version 12.00
# Visual Studio Version 17
VisualStudioVersion = 17.0.31903.59
MinimumVisualStudioVersion = 10.0.40219.1
Project("{F2A71F9B-5D33-465A-A702-920D77279786}") = "IfEngine", "src\IfEngine.fsproj", "{5BE07EB2-8E1F-443C-AC57-E1BF5F6D2962}"
EndProject
Project("{F2A71F9B-5D33-465A-A702-920D77279786}") = "Tests", "tests\Tests.fsproj", "{6C50C506-D6CD-4675-8002-A0B514C6D255}"
EndProject
Global
	GlobalSection(SolutionConfigurationPlatforms) = preSolution
		Debug|Any CPU = Debug|Any CPU
		Release|Any CPU = Release|Any CPU
	EndGlobalSection
	GlobalSection(SolutionProperties) = preSolution
		HideSolutionNode = FALSE
	EndGlobalSection
	GlobalSection(ProjectConfigurationPlatforms) = postSolution
		{1601592C-BA40-4FD4-AD77-0845F2154D46}.Debug|Any CPU.ActiveCfg = Debug|Any CPU
		{1601592C-BA40-4FD4-AD77-0845F2154D46}.Debug|Any CPU.Build.0 = Debug|Any CPU
		{1601592C-BA40-4FD4-AD77-0845F2154D46}.Release|Any CPU.ActiveCfg = Release|Any CPU
		{1601592C-BA40-4FD4-AD77-0845F2154D46}.Release|Any CPU.Build.0 = Release|Any CPU
		{9F9FE686-A357-4249-B892-074361100A2F}.Debug|Any CPU.ActiveCfg = Debug|Any CPU
		{9F9FE686-A357-4249-B892-074361100A2F}.Debug|Any CPU.Build.0 = Debug|Any CPU
		{9F9FE686-A357-4249-B892-074361100A2F}.Release|Any CPU.ActiveCfg = Release|Any CPU
		{9F9FE686-A357-4249-B892-074361100A2F}.Release|Any CPU.Build.0 = Release|Any CPU
		{5BE07EB2-8E1F-443C-AC57-E1BF5F6D2962}.Debug|Any CPU.ActiveCfg = Debug|Any CPU
		{5BE07EB2-8E1F-443C-AC57-E1BF5F6D2962}.Debug|Any CPU.Build.0 = Debug|Any CPU
		{5BE07EB2-8E1F-443C-AC57-E1BF5F6D2962}.Release|Any CPU.ActiveCfg = Release|Any CPU
		{5BE07EB2-8E1F-443C-AC57-E1BF5F6D2962}.Release|Any CPU.Build.0 = Release|Any CPU
		{6C50C506-D6CD-4675-8002-A0B514C6D255}.Debug|Any CPU.ActiveCfg = Debug|Any CPU
		{6C50C506-D6CD-4675-8002-A0B514C6D255}.Debug|Any CPU.Build.0 = Debug|Any CPU
		{6C50C506-D6CD-4675-8002-A0B514C6D255}.Release|Any CPU.ActiveCfg = Release|Any CPU
		{6C50C506-D6CD-4675-8002-A0B514C6D255}.Release|Any CPU.Build.0 = Release|Any CPU
	EndGlobalSection
EndGlobal
